{
    "_meta": {
        "hash": {
            "sha256": "92386371742312425152f8e2968ecae229b1ec3c43073499ec23542a027d780c"
        },
        "pipfile-spec": 6,
        "requires": {
            "python_version": "3.7"
        },
        "sources": [
            {
                "name": "pypi",
                "url": "https://pypi.org/simple",
                "verify_ssl": true
            }
        ]
    },
    "default": {
        "bearlibterminal": {
            "hashes": [
                "sha256:8c48d0d046d6efcac3bbdd6db736f5896695d462a883af4a40a460e306f08fc5",
                "sha256:ad95ef42ea7d733dda43b64213676e39cd3e0b311fd72034e509fd036fa82f41",
                "sha256:b89b347c5e9f5327ccd23832c6df1f8a163b4762b654c28ceb7207f5e3f4f411",
                "sha256:c6cde8992148364b8d7142c885dce0eac704d7a222af80c4b23d10e167efc9ef",
                "sha256:f1ccb6e374cb030f3605120a4d648ffe48084b6f8173a17a6f3696efd489791a"
            ],
            "version": "==0.15.7"
        },
        "cassowary": {
            "hashes": [
                "sha256:bd169f34b973c6521d796a3190c2bdb8be4a167f1adb1f5655e28bf099a0a574",
                "sha256:e44906de2ef1e009107453a6471429db1a36fe06571be628f6b2dc98b7e8a0c1"
            ],
            "index": "pypi",
            "version": "==0.5.1"
        },
        "cffi": {
            "hashes": [
                "sha256:00b97afa72c233495560a0793cdc86c2571721b4271c0667addc83c417f3d90f",
                "sha256:0ba1b0c90f2124459f6966a10c03794082a2f3985cd699d7d63c4a8dae113e11",
                "sha256:0bffb69da295a4fc3349f2ec7cbe16b8ba057b0a593a92cbe8396e535244ee9d",
                "sha256:21469a2b1082088d11ccd79dd84157ba42d940064abbfa59cf5f024c19cf4891",
                "sha256:2e4812f7fa984bf1ab253a40f1f4391b604f7fc424a3e21f7de542a7f8f7aedf",
                "sha256:2eac2cdd07b9049dd4e68449b90d3ef1adc7c759463af5beb53a84f1db62e36c",
                "sha256:2f9089979d7456c74d21303c7851f158833d48fb265876923edcb2d0194104ed",
                "sha256:3dd13feff00bddb0bd2d650cdb7338f815c1789a91a6f68fdc00e5c5ed40329b",
                "sha256:4065c32b52f4b142f417af6f33a5024edc1336aa845b9d5a8d86071f6fcaac5a",
                "sha256:51a4ba1256e9003a3acf508e3b4f4661bebd015b8180cc31849da222426ef585",
                "sha256:59888faac06403767c0cf8cfb3f4a777b2939b1fbd9f729299b5384f097f05ea",
                "sha256:59c87886640574d8b14910840327f5cd15954e26ed0bbd4e7cef95fa5aef218f",
                "sha256:610fc7d6db6c56a244c2701575f6851461753c60f73f2de89c79bbf1cc807f33",
                "sha256:70aeadeecb281ea901bf4230c6222af0248c41044d6f57401a614ea59d96d145",
                "sha256:71e1296d5e66c59cd2c0f2d72dc476d42afe02aeddc833d8e05630a0551dad7a",
                "sha256:8fc7a49b440ea752cfdf1d51a586fd08d395ff7a5d555dc69e84b1939f7ddee3",
                "sha256:9b5c2afd2d6e3771d516045a6cfa11a8da9a60e3d128746a7fe9ab36dfe7221f",
                "sha256:9c759051ebcb244d9d55ee791259ddd158188d15adee3c152502d3b69005e6bd",
                "sha256:b4d1011fec5ec12aa7cc10c05a2f2f12dfa0adfe958e56ae38dc140614035804",
                "sha256:b4f1d6332339ecc61275bebd1f7b674098a66fea11a00c84d1c58851e618dc0d",
                "sha256:c030cda3dc8e62b814831faa4eb93dd9a46498af8cd1d5c178c2de856972fd92",
                "sha256:c2e1f2012e56d61390c0e668c20c4fb0ae667c44d6f6a2eeea5d7148dcd3df9f",
                "sha256:c37c77d6562074452120fc6c02ad86ec928f5710fbc435a181d69334b4de1d84",
                "sha256:c8149780c60f8fd02752d0429246088c6c04e234b895c4a42e1ea9b4de8d27fb",
                "sha256:cbeeef1dc3c4299bd746b774f019de9e4672f7cc666c777cd5b409f0b746dac7",
                "sha256:e113878a446c6228669144ae8a56e268c91b7f1fafae927adc4879d9849e0ea7",
                "sha256:e21162bf941b85c0cda08224dade5def9360f53b09f9f259adb85fc7dd0e7b35",
                "sha256:fb6934ef4744becbda3143d30c6604718871495a5e36c408431bf33d9c146889"
            ],
            "version": "==1.12.2"
        },
        "clubsandwich": {
            "hashes": [
                "sha256:78469078f6093ae9a7f03f9954b273285970b4ef763b3a0ca75b09c651511bb4"
            ],
            "index": "pypi",
            "version": "==0.1.3"
        },
        "numpy": {
            "hashes": [
                "sha256:1980f8d84548d74921685f68096911585fee393975f53797614b34d4f409b6da",
                "sha256:22752cd809272671b273bb86df0f505f505a12368a3a5fc0aa811c7ece4dfd5c",
                "sha256:23cc40313036cffd5d1873ef3ce2e949bdee0646c5d6f375bf7ee4f368db2511",
                "sha256:2b0b118ff547fecabc247a2668f48f48b3b1f7d63676ebc5be7352a5fd9e85a5",
                "sha256:3a0bd1edf64f6a911427b608a894111f9fcdb25284f724016f34a84c9a3a6ea9",
                "sha256:3f25f6c7b0d000017e5ac55977a3999b0b1a74491eacb3c1aa716f0e01f6dcd1",
                "sha256:4061c79ac2230594a7419151028e808239450e676c39e58302ad296232e3c2e8",
                "sha256:560ceaa24f971ab37dede7ba030fc5d8fa173305d94365f814d9523ffd5d5916",
                "sha256:62be044cd58da2a947b7e7b2252a10b42920df9520fc3d39f5c4c70d5460b8ba",
                "sha256:6c692e3879dde0b67a9dc78f9bfb6f61c666b4562fd8619632d7043fb5b691b0",
                "sha256:6f65e37b5a331df950ef6ff03bd4136b3c0bbcf44d4b8e99135d68a537711b5a",
                "sha256:7a78cc4ddb253a55971115f8320a7ce28fd23a065fc33166d601f51760eecfa9",
                "sha256:80a41edf64a3626e729a62df7dd278474fc1726836552b67a8c6396fd7e86760",
                "sha256:893f4d75255f25a7b8516feb5766c6b63c54780323b9bd4bc51cdd7efc943c73",
                "sha256:972ea92f9c1b54cc1c1a3d8508e326c0114aaf0f34996772a30f3f52b73b942f",
                "sha256:9f1d4865436f794accdabadc57a8395bd3faa755449b4f65b88b7df65ae05f89",
                "sha256:9f4cd7832b35e736b739be03b55875706c8c3e5fe334a06210f1a61e5c2c8ca5",
                "sha256:adab43bf657488300d3aeeb8030d7f024fcc86e3a9b8848741ea2ea903e56610",
                "sha256:bd2834d496ba9b1bdda3a6cf3de4dc0d4a0e7be306335940402ec95132ad063d",
                "sha256:d20c0360940f30003a23c0adae2fe50a0a04f3e48dc05c298493b51fd6280197",
                "sha256:d3b3ed87061d2314ff3659bb73896e622252da52558f2380f12c421fbdee3d89",
                "sha256:dc235bf29a406dfda5790d01b998a1c01d7d37f449128c0b1b7d1c89a84fae8b",
                "sha256:fb3c83554f39f48f3fa3123b9c24aecf681b1c289f9334f8215c1d3c8e2f6e5b"
            ],
            "version": "==1.16.2"
        },
        "pycparser": {
            "hashes": [
                "sha256:a988718abfad80b6b157acce7bf130a30876d27603738ac39f140993246b25b3",
                "sha256:b19d183171a3fe4d9078c675c06808074559199555fd3a86dce7069495671991"
            ],
            "version": "==2.19"
        },
        "tcod": {
            "hashes": [
                "sha256:20de548f6eb1aad89677f5c9d293e17835e60d769c108d22849d9d4d029b1e9e",
                "sha256:2f0089786f8cc62f8e108ef273925bfb644751c7cb7dbfabd6a7ed8c6f7326b0",
                "sha256:3a17edff6dcabd4467aba82b217914a195ff81cafe673e46b66f47c72f714eca",
                "sha256:497592c36689cbf26996da468be0450ec3c13e72dd77247264d4dab5c0a6e1b1",
                "sha256:52ff9bac16115bd9c83bc0445dc4957b3204ad12e279a4a7a2563830d80a3835",
                "sha256:80e4ae090584a624a8e7b5f56ead4bd0d53fe54341c0eec2e550192b932d9714",
                "sha256:8675340bc19cfd663629b93488488c5d4b2579cfe44986e6dd32617ce0d66892",
                "sha256:b075899cf7bb4b10b0a4a9d3ad7d43cc91025237ea183de22fe9d8cfff3f2a7d",
                "sha256:b350daad9387ee5e053491132ed11d194ba341eea84b44840bbc2619f03248c7",
                "sha256:dab4378628fc084754dd6ab0cf82e0240d11b50c7e25863d0297f914ea8179f1",
                "sha256:e7bac48b9fc45b994ded1b12220167998d19a87a2cb4ea256d6ec11476d8dfd2"
            ],
            "index": "pypi",
            "version": "==10.0.0"
        }
    },
    "develop": {}
}
